
Microsoft Visual Studio Solution File, Format Version 12.00
# Visual Studio Version 16
VisualStudioVersion = 16.0.30804.86
MinimumVisualStudioVersion = 10.0.40219.1
Project("{FAE04EC0-301F-11D3-BF4B-00C04F79EFBC}") = "Mediator", "Mediator\Mediator.csproj", "{A255A0DB-252B-49E1-A957-538029454E0C}"
EndProject
Global
	GlobalSection(SolutionConfigurationPlatforms) = preSolution
		Debug|Any CPU = Debug|Any CPU
		Release|Any CPU = Release|Any CPU
	EndGlobalSection
	GlobalSection(ProjectConfigurationPlatforms) = postSolution
		{A255A0DB-252B-49E1-A957-538029454E0C}.Debug|Any CPU.ActiveCfg = Debug|Any CPU
		{A255A0DB-252B-49E1-A957-538029454E0C}.Debug|Any CPU.Build.0 = Debug|Any CPU
		{A255A0DB-252B-49E1-A957-538029454E0C}.Release|Any CPU.ActiveCfg = Release|Any CPU
		{A255A0DB-252B-49E1-A957-538029454E0C}.Release|Any CPU.Build.0 = Release|Any CPU
	EndGlobalSection
	GlobalSection(SolutionProperties) = preSolution
		HideSolutionNode = FALSE
	EndGlobalSection
	GlobalSection(ExtensibilityGlobals) = postSolution
		SolutionGuid = {7A7722CF-91A4-46C8-BA9D-DD6376939261}
	EndGlobalSection
EndGlobal
