
Microsoft Visual Studio Solution File, Format Version 12.00
# Visual Studio Version 16
VisualStudioVersion = 16.0.29806.167
MinimumVisualStudioVersion = 10.0.40219.1
Project("{9A19103F-16F7-4668-BE54-9A1E7A4F7556}") = "AbstractFactory", "AbstractFactory.csproj", "{A5A8CF8B-9548-4057-8ADA-AB7B809BE5F2}"
EndProject
Global
	GlobalSection(SolutionConfigurationPlatforms) = preSolution
		Debug|Any CPU = Debug|Any CPU
		Release|Any CPU = Release|Any CPU
	EndGlobalSection
	GlobalSection(ProjectConfigurationPlatforms) = postSolution
		{A5A8CF8B-9548-4057-8ADA-AB7B809BE5F2}.Debug|Any CPU.ActiveCfg = Debug|Any CPU
		{A5A8CF8B-9548-4057-8ADA-AB7B809BE5F2}.Debug|Any CPU.Build.0 = Debug|Any CPU
		{A5A8CF8B-9548-4057-8ADA-AB7B809BE5F2}.Release|Any CPU.ActiveCfg = Release|Any CPU
		{A5A8CF8B-9548-4057-8ADA-AB7B809BE5F2}.Release|Any CPU.Build.0 = Release|Any CPU
	EndGlobalSection
	GlobalSection(SolutionProperties) = preSolution
		HideSolutionNode = FALSE
	EndGlobalSection
	GlobalSection(ExtensibilityGlobals) = postSolution
		SolutionGuid = {B81CACAD-B62A-4AA6-96C6-1346AA3EEF48}
	EndGlobalSection
EndGlobal
